
Microsoft Visual Studio Solution File, Format Version 12.00
# Visual Studio Version 17
VisualStudioVersion = 17.4.33103.184
MinimumVisualStudioVersion = 10.0.40219.1
Project("{9A19103F-16F7-4668-BE54-9A1E7A4F7556}") = "GestaoDeVendas.API", "GestaoDeVendas.API\GestaoDeVendas.API.csproj", "{68935856-9DCA-47C1-9247-0D4D906FA4C0}"
EndProject
Project("{9A19103F-16F7-4668-BE54-9A1E7A4F7556}") = "GestaoDeVendas.Dominio", "GestaoDeVendas.Dominio\GestaoDeVendas.Dominio.csproj", "{5B43C0BE-E26B-484E-A82D-23884B1A69D7}"
EndProject
Project("{9A19103F-16F7-4668-BE54-9A1E7A4F7556}") = "GestaoDeVendas.Web", "GestaoDeVendas.Webb\GestaoDeVendas.Web.csproj", "{0DC96486-66E7-48CB-B27B-EBC171ADB40E}"
EndProject
Global
	GlobalSection(SolutionConfigurationPlatforms) = preSolution
		Debug|Any CPU = Debug|Any CPU
		Release|Any CPU = Release|Any CPU
	EndGlobalSection
	GlobalSection(ProjectConfigurationPlatforms) = postSolution
		{68935856-9DCA-47C1-9247-0D4D906FA4C0}.Debug|Any CPU.ActiveCfg = Debug|Any CPU
		{68935856-9DCA-47C1-9247-0D4D906FA4C0}.Debug|Any CPU.Build.0 = Debug|Any CPU
		{68935856-9DCA-47C1-9247-0D4D906FA4C0}.Release|Any CPU.ActiveCfg = Release|Any CPU
		{68935856-9DCA-47C1-9247-0D4D906FA4C0}.Release|Any CPU.Build.0 = Release|Any CPU
		{5B43C0BE-E26B-484E-A82D-23884B1A69D7}.Debug|Any CPU.ActiveCfg = Debug|Any CPU
		{5B43C0BE-E26B-484E-A82D-23884B1A69D7}.Debug|Any CPU.Build.0 = Debug|Any CPU
		{5B43C0BE-E26B-484E-A82D-23884B1A69D7}.Release|Any CPU.ActiveCfg = Release|Any CPU
		{5B43C0BE-E26B-484E-A82D-23884B1A69D7}.Release|Any CPU.Build.0 = Release|Any CPU
		{0DC96486-66E7-48CB-B27B-EBC171ADB40E}.Debug|Any CPU.ActiveCfg = Debug|Any CPU
		{0DC96486-66E7-48CB-B27B-EBC171ADB40E}.Debug|Any CPU.Build.0 = Debug|Any CPU
		{0DC96486-66E7-48CB-B27B-EBC171ADB40E}.Release|Any CPU.ActiveCfg = Release|Any CPU
		{0DC96486-66E7-48CB-B27B-EBC171ADB40E}.Release|Any CPU.Build.0 = Release|Any CPU
	EndGlobalSection
	GlobalSection(SolutionProperties) = preSolution
		HideSolutionNode = FALSE
	EndGlobalSection
	GlobalSection(ExtensibilityGlobals) = postSolution
		SolutionGuid = {89020FD7-31FF-49EF-9133-1E461231A033}
	EndGlobalSection
EndGlobal
